github.com/ebosas/microservices/config v0.0.0-20210601112602-4c18303242d8 h1:7k9LIaw7438zV/2ZzL5rjMhhDC0+KpDiXpMkIHXoZOk=
github.com/ebosas/microservices/config v0.0.0-20210601112602-4c18303242d8/go.mod h1:5Zi9BVqQ5wo4Az0osVj3uYCMTzIWPCHcOrgXXxH6Ih4=
github.com/streadway/amqp v1.0.0 h1:kuuDrUJFZL1QYL9hUNuCxNObNzB0bV/ZG5jV3RWAQgo=
github.com/streadway/amqp v1.0.0/go.mod h1:AZpEONHx3DKn8O/DFsRAY58/XVQiIPMTMB1SddzLXVw=
